
Microsoft Visual Studio Solution File, Format Version 12.00
# Visual Studio Version 17
VisualStudioVersion = 17.2.32630.192
MinimumVisualStudioVersion = 10.0.40219.1
Project("{FAE04EC0-301F-11D3-BF4B-00C04F79EFBC}") = "Translaytor", "Translaytor\Translaytor.csproj", "{C387A99F-4E7A-4310-8F80-BCBC2D7ADA25}"
EndProject
Global
	GlobalSection(SolutionConfigurationPlatforms) = preSolution
		Debug|Any CPU = Debug|Any CPU
		Release|Any CPU = Release|Any CPU
	EndGlobalSection
	GlobalSection(ProjectConfigurationPlatforms) = postSolution
		{C387A99F-4E7A-4310-8F80-BCBC2D7ADA25}.Debug|Any CPU.ActiveCfg = Debug|Any CPU
		{C387A99F-4E7A-4310-8F80-BCBC2D7ADA25}.Debug|Any CPU.Build.0 = Debug|Any CPU
		{C387A99F-4E7A-4310-8F80-BCBC2D7ADA25}.Release|Any CPU.ActiveCfg = Release|Any CPU
		{C387A99F-4E7A-4310-8F80-BCBC2D7ADA25}.Release|Any CPU.Build.0 = Release|Any CPU
	EndGlobalSection
	GlobalSection(SolutionProperties) = preSolution
		HideSolutionNode = FALSE
	EndGlobalSection
	GlobalSection(ExtensibilityGlobals) = postSolution
		SolutionGuid = {62818801-A26F-4E52-9820-8D8DCB846E01}
	EndGlobalSection
EndGlobal
